
Microsoft Visual Studio Solution File, Format Version 12.00
# Visual Studio Version 17
VisualStudioVersion = 17.1.32421.90
MinimumVisualStudioVersion = 10.0.40219.1
Project("{FAE04EC0-301F-11D3-BF4B-00C04F79EFBC}") = "CustomTouckKeyboard", "CustomTouckKeyboard.csproj", "{D618B2CB-1276-48FC-AEDF-1B35B98E4A18}"
EndProject
Global
	GlobalSection(SolutionConfigurationPlatforms) = preSolution
		Debug|Any CPU = Debug|Any CPU
		Release|Any CPU = Release|Any CPU
	EndGlobalSection
	GlobalSection(ProjectConfigurationPlatforms) = postSolution
		{D618B2CB-1276-48FC-AEDF-1B35B98E4A18}.Debug|Any CPU.ActiveCfg = Debug|Any CPU
		{D618B2CB-1276-48FC-AEDF-1B35B98E4A18}.Debug|Any CPU.Build.0 = Debug|Any CPU
		{D618B2CB-1276-48FC-AEDF-1B35B98E4A18}.Release|Any CPU.ActiveCfg = Release|Any CPU
		{D618B2CB-1276-48FC-AEDF-1B35B98E4A18}.Release|Any CPU.Build.0 = Release|Any CPU
	EndGlobalSection
	GlobalSection(SolutionProperties) = preSolution
		HideSolutionNode = FALSE
	EndGlobalSection
	GlobalSection(ExtensibilityGlobals) = postSolution
		SolutionGuid = {E09ED11C-6815-47FE-8C10-90ADC2636DD4}
	EndGlobalSection
EndGlobal
